
Microsoft Visual Studio Solution File, Format Version 12.00
# Visual Studio Version 17
VisualStudioVersion = 17.4.33122.133
MinimumVisualStudioVersion = 10.0.40219.1
Project("{9A19103F-16F7-4668-BE54-9A1E7A4F7556}") = "NetMaster.Presentation", "NetMaster.Presentation.csproj", "{63C0844A-EF7D-46EE-82E1-94CA297BDB92}"
	ProjectSection(ProjectDependencies) = postProject
		{D5EC6D89-2EBD-4792-88AB-8B3CFA78C324} = {D5EC6D89-2EBD-4792-88AB-8B3CFA78C324}
	EndProjectSection
EndProject
Project("{2150E333-8FDC-42A3-9474-1A3956D46DE8}") = "1-NetMaster.Presentation", "1-NetMaster.Presentation", "{F0853265-B3FD-4AC0-AB35-EE0334504DAB}"
EndProject
Project("{2150E333-8FDC-42A3-9474-1A3956D46DE8}") = "2-NetMaster.Services", "2-NetMaster.Services", "{5DCCE6AF-7388-4B65-88BE-E689F834B540}"
EndProject
Project("{2150E333-8FDC-42A3-9474-1A3956D46DE8}") = "3-NetMaster.Repository", "3-NetMaster.Repository", "{26E10E2F-57A7-44F3-A0D4-A2598A1D6D7F}"
EndProject
Project("{2150E333-8FDC-42A3-9474-1A3956D46DE8}") = "4-NetMaster.Domain", "4-NetMaster.Domain", "{B2D901C5-562F-4A69-AB81-1E2124B90D03}"
EndProject
Project("{9A19103F-16F7-4668-BE54-9A1E7A4F7556}") = "NetMaster.Services", "..\NetMaster.Services.csproj\NetMaster.Services.csproj", "{D5EC6D89-2EBD-4792-88AB-8B3CFA78C324}"
	ProjectSection(ProjectDependencies) = postProject
		{6DFA626D-678D-49AA-8F72-9E0E93AA2298} = {6DFA626D-678D-49AA-8F72-9E0E93AA2298}
	EndProjectSection
EndProject
Project("{9A19103F-16F7-4668-BE54-9A1E7A4F7556}") = "NetMaster.Repository", "..\NetMaster.Repository\NetMaster.Repository.csproj", "{6DFA626D-678D-49AA-8F72-9E0E93AA2298}"
	ProjectSection(ProjectDependencies) = postProject
		{CC0A30B4-0AB9-45C8-9B1E-F5ABF1327A2B} = {CC0A30B4-0AB9-45C8-9B1E-F5ABF1327A2B}
	EndProjectSection
EndProject
Project("{9A19103F-16F7-4668-BE54-9A1E7A4F7556}") = "NetMaster.Domain", "..\NetMaster.Domain.csproj\NetMaster.Domain.csproj", "{CC0A30B4-0AB9-45C8-9B1E-F5ABF1327A2B}"
EndProject
Global
	GlobalSection(SolutionConfigurationPlatforms) = preSolution
		Debug|Any CPU = Debug|Any CPU
		Release|Any CPU = Release|Any CPU
	EndGlobalSection
	GlobalSection(ProjectConfigurationPlatforms) = postSolution
		{63C0844A-EF7D-46EE-82E1-94CA297BDB92}.Debug|Any CPU.ActiveCfg = Debug|Any CPU
		{63C0844A-EF7D-46EE-82E1-94CA297BDB92}.Debug|Any CPU.Build.0 = Debug|Any CPU
		{63C0844A-EF7D-46EE-82E1-94CA297BDB92}.Release|Any CPU.ActiveCfg = Release|Any CPU
		{63C0844A-EF7D-46EE-82E1-94CA297BDB92}.Release|Any CPU.Build.0 = Release|Any CPU
		{D5EC6D89-2EBD-4792-88AB-8B3CFA78C324}.Debug|Any CPU.ActiveCfg = Debug|Any CPU
		{D5EC6D89-2EBD-4792-88AB-8B3CFA78C324}.Debug|Any CPU.Build.0 = Debug|Any CPU
		{D5EC6D89-2EBD-4792-88AB-8B3CFA78C324}.Release|Any CPU.ActiveCfg = Release|Any CPU
		{D5EC6D89-2EBD-4792-88AB-8B3CFA78C324}.Release|Any CPU.Build.0 = Release|Any CPU
		{6DFA626D-678D-49AA-8F72-9E0E93AA2298}.Debug|Any CPU.ActiveCfg = Debug|Any CPU
		{6DFA626D-678D-49AA-8F72-9E0E93AA2298}.Debug|Any CPU.Build.0 = Debug|Any CPU
		{6DFA626D-678D-49AA-8F72-9E0E93AA2298}.Release|Any CPU.ActiveCfg = Release|Any CPU
		{6DFA626D-678D-49AA-8F72-9E0E93AA2298}.Release|Any CPU.Build.0 = Release|Any CPU
		{CC0A30B4-0AB9-45C8-9B1E-F5ABF1327A2B}.Debug|Any CPU.ActiveCfg = Debug|Any CPU
		{CC0A30B4-0AB9-45C8-9B1E-F5ABF1327A2B}.Debug|Any CPU.Build.0 = Debug|Any CPU
		{CC0A30B4-0AB9-45C8-9B1E-F5ABF1327A2B}.Release|Any CPU.ActiveCfg = Release|Any CPU
		{CC0A30B4-0AB9-45C8-9B1E-F5ABF1327A2B}.Release|Any CPU.Build.0 = Release|Any CPU
	EndGlobalSection
	GlobalSection(SolutionProperties) = preSolution
		HideSolutionNode = FALSE
	EndGlobalSection
	GlobalSection(NestedProjects) = preSolution
		{63C0844A-EF7D-46EE-82E1-94CA297BDB92} = {F0853265-B3FD-4AC0-AB35-EE0334504DAB}
		{D5EC6D89-2EBD-4792-88AB-8B3CFA78C324} = {5DCCE6AF-7388-4B65-88BE-E689F834B540}
		{6DFA626D-678D-49AA-8F72-9E0E93AA2298} = {26E10E2F-57A7-44F3-A0D4-A2598A1D6D7F}
		{CC0A30B4-0AB9-45C8-9B1E-F5ABF1327A2B} = {B2D901C5-562F-4A69-AB81-1E2124B90D03}
	EndGlobalSection
	GlobalSection(ExtensibilityGlobals) = postSolution
		SolutionGuid = {5DC63952-B2B8-4BE7-A4EA-DF8C435FD432}
	EndGlobalSection
EndGlobal
